# generated by rye
# use `rye lock` or `rye sync` to update this lockfile
#
# last locked with the following flags:
#   pre: false
#   features: []
#   all-features: false
#   with-sources: false
#   generate-hashes: false
#   universal: false

-e file:.
annotated-types==0.7.0
    # via pydantic
anyio==4.9.0
    # via starlette
black==25.1.0
brotli==1.1.0
    # via fonttools
cffi==1.17.1
    # via weasyprint
cfgv==3.4.0
    # via pre-commit
click==8.1.8
    # via black
    # via typer
    # via uvicorn
colorama==0.4.6
    # via click
    # via pytest
cssselect2==0.8.0
    # via weasyprint
distlib==0.3.9
    # via virtualenv
exceptiongroup==1.3.0
    # via anyio
    # via pytest
fastapi==0.115.12
    # via parts2sales-llm-hub
filelock==3.18.0
    # via virtualenv
fonttools==4.58.0
    # via weasyprint
h11==0.16.0
    # via uvicorn
identify==2.6.12
    # via pre-commit
idna==3.10
    # via anyio
iniconfig==2.1.0
    # via pytest
jinja2==3.1.6
    # via parts2sales-llm-hub
markdown-it-py==3.0.0
    # via rich
markupsafe==3.0.2
    # via jinja2
mdurl==0.1.2
    # via markdown-it-py
mypy==1.15.0
    # via parts2sales-llm-hub
mypy-extensions==1.1.0
    # via black
    # via mypy
nodeenv==1.9.1
    # via pre-commit
packaging==25.0
    # via black
    # via pytest
pathspec==0.12.1
    # via black
pillow==11.2.1
    # via weasyprint
platformdirs==4.3.8
    # via black
    # via virtualenv
pluggy==1.6.0
    # via pytest
pre-commit==4.2.0
pycparser==2.22
    # via cffi
pydantic==2.7.4
    # via fastapi
    # via parts2sales-llm-hub
pydantic-core==2.18.4
    # via pydantic
pydyf==0.11.0
    # via weasyprint
pygments==2.19.1
    # via rich
pyphen==0.17.2
    # via weasyprint
pytest==8.3.5
    # via parts2sales-llm-hub
python-multipart==0.0.20
    # via parts2sales-llm-hub
pyyaml==6.0.2
    # via pre-commit
rich==14.0.0
    # via typer
ruff==0.11.11
    # via parts2sales-llm-hub
shellingham==1.5.4
    # via typer
sniffio==1.3.1
    # via anyio
starlette==0.46.2
    # via fastapi
tinycss2==1.4.0
    # via cssselect2
    # via weasyprint
tinyhtml5==2.0.0
    # via weasyprint
tomli==2.2.1
    # via black
    # via mypy
    # via pytest
typer==0.16.0
    # via parts2sales-llm-hub
typing-extensions==4.13.2
    # via anyio
    # via black
    # via exceptiongroup
    # via fastapi
    # via mypy
    # via pydantic
    # via pydantic-core
    # via rich
    # via starlette
    # via typer
    # via uvicorn
uvicorn==0.34.2
    # via parts2sales-llm-hub
virtualenv==20.31.2
    # via pre-commit
weasyprint==65.1
    # via parts2sales-llm-hub
webencodings==0.5.1
    # via cssselect2
    # via tinycss2
    # via tinyhtml5
zopfli==0.2.3.post1
    # via fonttools
